
Microsoft Visual Studio Solution File, Format Version 12.00
# Visual Studio Version 17
VisualStudioVersion = 17.6.33829.357
MinimumVisualStudioVersion = 10.0.40219.1
Project("{FAE04EC0-301F-11D3-BF4B-00C04F79EFBC}") = "friendships", "friendships\friendships.csproj", "{DA538711-E251-461C-913A-E7950705C80B}"
EndProject
Global
	GlobalSection(SolutionConfigurationPlatforms) = preSolution
		Debug|Any CPU = Debug|Any CPU
		Release|Any CPU = Release|Any CPU
	EndGlobalSection
	GlobalSection(ProjectConfigurationPlatforms) = postSolution
		{DA538711-E251-461C-913A-E7950705C80B}.Debug|Any CPU.ActiveCfg = Debug|Any CPU
		{DA538711-E251-461C-913A-E7950705C80B}.Debug|Any CPU.Build.0 = Debug|Any CPU
		{DA538711-E251-461C-913A-E7950705C80B}.Release|Any CPU.ActiveCfg = Release|Any CPU
		{DA538711-E251-461C-913A-E7950705C80B}.Release|Any CPU.Build.0 = Release|Any CPU
	EndGlobalSection
	GlobalSection(SolutionProperties) = preSolution
		HideSolutionNode = FALSE
	EndGlobalSection
	GlobalSection(ExtensibilityGlobals) = postSolution
		SolutionGuid = {81B1C095-0748-4BE3-B7BE-5AAE9C2AAAB1}
	EndGlobalSection
EndGlobal
